{
  "name": "emmyjs",
  "lockfileVersion": 3,
  "requires": true,
  "packages": {
    "": {
      "dependencies": {
        "fraction.js": "4.2.1",
        "odex": "3.0.0-rc.4"
      }
    },
    "node_modules/fraction.js": {
      "version": "4.2.1",
      "resolved": "https://registry.npmjs.org/fraction.js/-/fraction.js-4.2.1.tgz",
      "integrity": "sha512-/KxoyCnPM0GwYI4NN0Iag38Tqt+od3/mLuguepLgCAKPn0ZhC544nssAW0tG2/00zXEYl9W+7hwAIpLHo6Oc7Q==",
      "license": "MIT",
      "engines": {
        "node": "*"
      },
      "funding": {
        "type": "patreon",
        "url": "https://www.patreon.com/infusion"
      }
    },
    "node_modules/odex": {
      "version": "3.0.0-rc.4",
      "resolved": "https://registry.npmjs.org/odex/-/odex-3.0.0-rc.4.tgz",
      "integrity": "sha512-NPpR3eFHUJWQWYT9VParetnYF2bVe1p9iel1PHk2PLGgOdfXd7tr67XJi6x6fVzDmoKnUv1e9AtRtdwLxg2Z2Q==",
      "license": "BSD-2-Clause"
    }
  }
}
